// !$*UTF8*$!
{
	archiveVersion = 1;
	classes = {
	};
	objectVersion = 56;
	objects = {

/* Begin PBXBuildFile section */
		E14C4D502A016B2600BDC222 /* AnimationStore.swift in Sources */ = {isa = PBXBuildFile; fileRef = E14C4D4F2A016B2600BDC222 /* AnimationStore.swift */; };
		E1C5880A2A011852003CA883 /* AppDelegate.swift in Sources */ = {isa = PBXBuildFile; fileRef = E1C588092A011852003CA883 /* AppDelegate.swift */; };
		E1C5880C2A011852003CA883 /* SceneDelegate.swift in Sources */ = {isa = PBXBuildFile; fileRef = E1C5880B2A011852003CA883 /* SceneDelegate.swift */; };
		E1C5880E2A011852003CA883 /* AnimationViewController.swift in Sources */ = {isa = PBXBuildFile; fileRef = E1C5880D2A011852003CA883 /* AnimationViewController.swift */; };
		E1C588112A011852003CA883 /* Main.storyboard in Resources */ = {isa = PBXBuildFile; fileRef = E1C5880F2A011852003CA883 /* Main.storyboard */; };
		E1C588132A011853003CA883 /* Assets.xcassets in Resources */ = {isa = PBXBuildFile; fileRef = E1C588122A011853003CA883 /* Assets.xcassets */; };
		E1C588162A011853003CA883 /* LaunchScreen.storyboard in Resources */ = {isa = PBXBuildFile; fileRef = E1C588142A011853003CA883 /* LaunchScreen.storyboard */; };
		E1C588212A011A11003CA883 /* SpringAnimation in Frameworks */ = {isa = PBXBuildFile; productRef = E1C588202A011A11003CA883 /* SpringAnimation */; };
		E1C588242A012546003CA883 /* Animation.swift in Sources */ = {isa = PBXBuildFile; fileRef = E1C588232A012546003CA883 /* Animation.swift */; };
/* End PBXBuildFile section */

/* Begin PBXFileReference section */
		E14C4D4F2A016B2600BDC222 /* AnimationStore.swift */ = {isa = PBXFileReference; lastKnownFileType = sourcecode.swift; path = AnimationStore.swift; sourceTree = "<group>"; };
		E1C588062A011852003CA883 /* UseSpringAnimation.app */ = {isa = PBXFileReference; explicitFileType = wrapper.application; includeInIndex = 0; path = UseSpringAnimation.app; sourceTree = BUILT_PRODUCTS_DIR; };
		E1C588092A011852003CA883 /* AppDelegate.swift */ = {isa = PBXFileReference; lastKnownFileType = sourcecode.swift; path = AppDelegate.swift; sourceTree = "<group>"; };
		E1C5880B2A011852003CA883 /* SceneDelegate.swift */ = {isa = PBXFileReference; lastKnownFileType = sourcecode.swift; path = SceneDelegate.swift; sourceTree = "<group>"; };
		E1C5880D2A011852003CA883 /* AnimationViewController.swift */ = {isa = PBXFileReference; lastKnownFileType = sourcecode.swift; path = AnimationViewController.swift; sourceTree = "<group>"; };
		E1C588102A011852003CA883 /* Base */ = {isa = PBXFileReference; lastKnownFileType = file.storyboard; name = Base; path = Base.lproj/Main.storyboard; sourceTree = "<group>"; };
		E1C588122A011853003CA883 /* Assets.xcassets */ = {isa = PBXFileReference; lastKnownFileType = folder.assetcatalog; path = Assets.xcassets; sourceTree = "<group>"; };
		E1C588152A011853003CA883 /* Base */ = {isa = PBXFileReference; lastKnownFileType = file.storyboard; name = Base; path = Base.lproj/LaunchScreen.storyboard; sourceTree = "<group>"; };
		E1C588172A011853003CA883 /* Info.plist */ = {isa = PBXFileReference; lastKnownFileType = text.plist.xml; path = Info.plist; sourceTree = "<group>"; };
		E1C588232A012546003CA883 /* Animation.swift */ = {isa = PBXFileReference; lastKnownFileType = sourcecode.swift; path = Animation.swift; sourceTree = "<group>"; };
/* End PBXFileReference section */

/* Begin PBXFrameworksBuildPhase section */
		E1C588032A011852003CA883 /* Frameworks */ = {
			isa = PBXFrameworksBuildPhase;
			buildActionMask = 2147483647;
			files = (
				E1C588212A011A11003CA883 /* SpringAnimation in Frameworks */,
			);
			runOnlyForDeploymentPostprocessing = 0;
		};
/* End PBXFrameworksBuildPhase section */

/* Begin PBXGroup section */
		E14C4D4E2A016AE500BDC222 /* Servises */ = {
			isa = PBXGroup;
			children = (
				E14C4D4F2A016B2600BDC222 /* AnimationStore.swift */,
			);
			path = Servises;
			sourceTree = "<group>";
		};
		E1C587FD2A011852003CA883 = {
			isa = PBXGroup;
			children = (
				E1C588082A011852003CA883 /* SpringAnimation */,
				E1C588072A011852003CA883 /* Products */,
			);
			sourceTree = "<group>";
		};
		E1C588072A011852003CA883 /* Products */ = {
			isa = PBXGroup;
			children = (
				E1C588062A011852003CA883 /* UseSpringAnimation.app */,
			);
			name = Products;
			sourceTree = "<group>";
		};
		E1C588082A011852003CA883 /* SpringAnimation */ = {
			isa = PBXGroup;
			children = (
				E1C5881E2A0119AF003CA883 /* App */,
				E1C588252A0144D0003CA883 /* ViewControllers */,
				E1C588222A012523003CA883 /* Models */,
				E14C4D4E2A016AE500BDC222 /* Servises */,
				E1C5881D2A011999003CA883 /* Storyboards */,
				E1C588122A011853003CA883 /* Assets.xcassets */,
			);
			path = SpringAnimation;
			sourceTree = "<group>";
		};
		E1C5881D2A011999003CA883 /* Storyboards */ = {
			isa = PBXGroup;
			children = (
				E1C5880F2A011852003CA883 /* Main.storyboard */,
				E1C588142A011853003CA883 /* LaunchScreen.storyboard */,
			);
			path = Storyboards;
			sourceTree = "<group>";
		};
		E1C5881E2A0119AF003CA883 /* App */ = {
			isa = PBXGroup;
			children = (
				E1C588092A011852003CA883 /* AppDelegate.swift */,
				E1C5880B2A011852003CA883 /* SceneDelegate.swift */,
				E1C588172A011853003CA883 /* Info.plist */,
			);
			path = App;
			sourceTree = "<group>";
		};
		E1C588222A012523003CA883 /* Models */ = {
			isa = PBXGroup;
			children = (
				E1C588232A012546003CA883 /* Animation.swift */,
			);
			path = Models;
			sourceTree = "<group>";
		};
		E1C588252A0144D0003CA883 /* ViewControllers */ = {
			isa = PBXGroup;
			children = (
				E1C5880D2A011852003CA883 /* AnimationViewController.swift */,
			);
			path = ViewControllers;
			sourceTree = "<group>";
		};
/* End PBXGroup section */

/* Begin PBXNativeTarget section */
		E1C588052A011852003CA883 /* UseSpringAnimation */ = {
			isa = PBXNativeTarget;
			buildConfigurationList = E1C5881A2A011853003CA883 /* Build configuration list for PBXNativeTarget "UseSpringAnimation" */;
			buildPhases = (
				E1C588022A011852003CA883 /* Sources */,
				E1C588032A011852003CA883 /* Frameworks */,
				E1C588042A011852003CA883 /* Resources */,
			);
			buildRules = (
			);
			dependencies = (
			);
			name = UseSpringAnimation;
			packageProductDependencies = (
				E1C588202A011A11003CA883 /* SpringAnimation */,
			);
			productName = SpringAnimation;
			productReference = E1C588062A011852003CA883 /* UseSpringAnimation.app */;
			productType = "com.apple.product-type.application";
		};
/* End PBXNativeTarget section */

/* Begin PBXProject section */
		E1C587FE2A011852003CA883 /* Project object */ = {
			isa = PBXProject;
			attributes = {
				BuildIndependentTargetsInParallel = 1;
				LastSwiftUpdateCheck = 1430;
				LastUpgradeCheck = 1430;
				TargetAttributes = {
					E1C588052A011852003CA883 = {
						CreatedOnToolsVersion = 14.3;
					};
				};
			};
			buildConfigurationList = E1C588012A011852003CA883 /* Build configuration list for PBXProject "UseSpringAnimation" */;
			compatibilityVersion = "Xcode 14.0";
			developmentRegion = en;
			hasScannedForEncodings = 0;
			knownRegions = (
				en,
				Base,
			);
			mainGroup = E1C587FD2A011852003CA883;
			packageReferences = (
				E1C5881F2A011A11003CA883 /* XCRemoteSwiftPackageReference "SpringAnimation" */,
			);
			productRefGroup = E1C588072A011852003CA883 /* Products */;
			projectDirPath = "";
			projectRoot = "";
			targets = (
				E1C588052A011852003CA883 /* UseSpringAnimation */,
			);
		};
/* End PBXProject section */

/* Begin PBXResourcesBuildPhase section */
		E1C588042A011852003CA883 /* Resources */ = {
			isa = PBXResourcesBuildPhase;
			buildActionMask = 2147483647;
			files = (
				E1C588162A011853003CA883 /* LaunchScreen.storyboard in Resources */,
				E1C588132A011853003CA883 /* Assets.xcassets in Resources */,
				E1C588112A011852003CA883 /* Main.storyboard in Resources */,
			);
			runOnlyForDeploymentPostprocessing = 0;
		};
/* End PBXResourcesBuildPhase section */

/* Begin PBXSourcesBuildPhase section */
		E1C588022A011852003CA883 /* Sources */ = {
			isa = PBXSourcesBuildPhase;
			buildActionMask = 2147483647;
			files = (
				E1C5880E2A011852003CA883 /* AnimationViewController.swift in Sources */,
				E1C5880A2A011852003CA883 /* AppDelegate.swift in Sources */,
				E1C588242A012546003CA883 /* Animation.swift in Sources */,
				E1C5880C2A011852003CA883 /* SceneDelegate.swift in Sources */,
				E14C4D502A016B2600BDC222 /* AnimationStore.swift in Sources */,
			);
			runOnlyForDeploymentPostprocessing = 0;
		};
/* End PBXSourcesBuildPhase section */

/* Begin PBXVariantGroup section */
		E1C5880F2A011852003CA883 /* Main.storyboard */ = {
			isa = PBXVariantGroup;
			children = (
				E1C588102A011852003CA883 /* Base */,
			);
			name = Main.storyboard;
			sourceTree = "<group>";
		};
		E1C588142A011853003CA883 /* LaunchScreen.storyboard */ = {
			isa = PBXVariantGroup;
			children = (
				E1C588152A011853003CA883 /* Base */,
			);
			name = LaunchScreen.storyboard;
			sourceTree = "<group>";
		};
/* End PBXVariantGroup section */

/* Begin XCBuildConfiguration section */
		E1C588182A011853003CA883 /* Debug */ = {
			isa = XCBuildConfiguration;
			buildSettings = {
				ALWAYS_SEARCH_USER_PATHS = NO;
				CLANG_ANALYZER_NONNULL = YES;
				CLANG_ANALYZER_NUMBER_OBJECT_CONVERSION = YES_AGGRESSIVE;
				CLANG_CXX_LANGUAGE_STANDARD = "gnu++20";
				CLANG_ENABLE_MODULES = YES;
				CLANG_ENABLE_OBJC_ARC = YES;
				CLANG_ENABLE_OBJC_WEAK = YES;
				CLANG_WARN_BLOCK_CAPTURE_AUTORELEASING = YES;
				CLANG_WARN_BOOL_CONVERSION = YES;
				CLANG_WARN_COMMA = YES;
				CLANG_WARN_CONSTANT_CONVERSION = YES;
				CLANG_WARN_DEPRECATED_OBJC_IMPLEMENTATIONS = YES;
				CLANG_WARN_DIRECT_OBJC_ISA_USAGE = YES_ERROR;
				CLANG_WARN_DOCUMENTATION_COMMENTS = YES;
				CLANG_WARN_EMPTY_BODY = YES;
				CLANG_WARN_ENUM_CONVERSION = YES;
				CLANG_WARN_INFINITE_RECURSION = YES;
				CLANG_WARN_INT_CONVERSION = YES;
				CLANG_WARN_NON_LITERAL_NULL_CONVERSION = YES;
				CLANG_WARN_OBJC_IMPLICIT_RETAIN_SELF = YES;
				CLANG_WARN_OBJC_LITERAL_CONVERSION = YES;
				CLANG_WARN_OBJC_ROOT_CLASS = YES_ERROR;
				CLANG_WARN_QUOTED_INCLUDE_IN_FRAMEWORK_HEADER = YES;
				CLANG_WARN_RANGE_LOOP_ANALYSIS = YES;
				CLANG_WARN_STRICT_PROTOTYPES = YES;
				CLANG_WARN_SUSPICIOUS_MOVE = YES;
				CLANG_WARN_UNGUARDED_AVAILABILITY = YES_AGGRESSIVE;
				CLANG_WARN_UNREACHABLE_CODE = YES;
				CLANG_WARN__DUPLICATE_METHOD_MATCH = YES;
				COPY_PHASE_STRIP = NO;
				DEBUG_INFORMATION_FORMAT = dwarf;
				ENABLE_STRICT_OBJC_MSGSEND = YES;
				ENABLE_TESTABILITY = YES;
				GCC_C_LANGUAGE_STANDARD = gnu11;
				GCC_DYNAMIC_NO_PIC = NO;
				GCC_NO_COMMON_BLOCKS = YES;
				GCC_OPTIMIZATION_LEVEL = 0;
				GCC_PREPROCESSOR_DEFINITIONS = (
					"DEBUG=1",
					"$(inherited)",
				);
				GCC_WARN_64_TO_32_BIT_CONVERSION = YES;
				GCC_WARN_ABOUT_RETURN_TYPE = YES_ERROR;
				GCC_WARN_UNDECLARED_SELECTOR = YES;
				GCC_WARN_UNINITIALIZED_AUTOS = YES_AGGRESSIVE;
				GCC_WARN_UNUSED_FUNCTION = YES;
				GCC_WARN_UNUSED_VARIABLE = YES;
				IPHONEOS_DEPLOYMENT_TARGET = 16.4;
				MTL_ENABLE_DEBUG_INFO = INCLUDE_SOURCE;
				MTL_FAST_MATH = YES;
				ONLY_ACTIVE_ARCH = YES;
				SDKROOT = iphoneos;
				SWIFT_ACTIVE_COMPILATION_CONDITIONS = DEBUG;
				SWIFT_OPTIMIZATION_LEVEL = "-Onone";
			};
			name = Debug;
		};
		E1C588192A011853003CA883 /* Release */ = {
			isa = XCBuildConfiguration;
			buildSettings = {
				ALWAYS_SEARCH_USER_PATHS = NO;
				CLANG_ANALYZER_NONNULL = YES;
				CLANG_ANALYZER_NUMBER_OBJECT_CONVERSION = YES_AGGRESSIVE;
				CLANG_CXX_LANGUAGE_STANDARD = "gnu++20";
				CLANG_ENABLE_MODULES = YES;
				CLANG_ENABLE_OBJC_ARC = YES;
				CLANG_ENABLE_OBJC_WEAK = YES;
				CLANG_WARN_BLOCK_CAPTURE_AUTORELEASING = YES;
				CLANG_WARN_BOOL_CONVERSION = YES;
				CLANG_WARN_COMMA = YES;
				CLANG_WARN_CONSTANT_CONVERSION = YES;
				CLANG_WARN_DEPRECATED_OBJC_IMPLEMENTATIONS = YES;
				CLANG_WARN_DIRECT_OBJC_ISA_USAGE = YES_ERROR;
				CLANG_WARN_DOCUMENTATION_COMMENTS = YES;
				CLANG_WARN_EMPTY_BODY = YES;
				CLANG_WARN_ENUM_CONVERSION = YES;
				CLANG_WARN_INFINITE_RECURSION = YES;
				CLANG_WARN_INT_CONVERSION = YES;
				CLANG_WARN_NON_LITERAL_NULL_CONVERSION = YES;
				CLANG_WARN_OBJC_IMPLICIT_RETAIN_SELF = YES;
				CLANG_WARN_OBJC_LITERAL_CONVERSION = YES;
				CLANG_WARN_OBJC_ROOT_CLASS = YES_ERROR;
				CLANG_WARN_QUOTED_INCLUDE_IN_FRAMEWORK_HEADER = YES;
				CLANG_WARN_RANGE_LOOP_ANALYSIS = YES;
				CLANG_WARN_STRICT_PROTOTYPES = YES;
				CLANG_WARN_SUSPICIOUS_MOVE = YES;
				CLANG_WARN_UNGUARDED_AVAILABILITY = YES_AGGRESSIVE;
				CLANG_WARN_UNREACHABLE_CODE = YES;
				CLANG_WARN__DUPLICATE_METHOD_MATCH = YES;
				COPY_PHASE_STRIP = NO;
				DEBUG_INFORMATION_FORMAT = "dwarf-with-dsym";
				ENABLE_NS_ASSERTIONS = NO;
				ENABLE_STRICT_OBJC_MSGSEND = YES;
				GCC_C_LANGUAGE_STANDARD = gnu11;
				GCC_NO_COMMON_BLOCKS = YES;
				GCC_WARN_64_TO_32_BIT_CONVERSION = YES;
				GCC_WARN_ABOUT_RETURN_TYPE = YES_ERROR;
				GCC_WARN_UNDECLARED_SELECTOR = YES;
				GCC_WARN_UNINITIALIZED_AUTOS = YES_AGGRESSIVE;
				GCC_WARN_UNUSED_FUNCTION = YES;
				GCC_WARN_UNUSED_VARIABLE = YES;
				IPHONEOS_DEPLOYMENT_TARGET = 16.4;
				MTL_ENABLE_DEBUG_INFO = NO;
				MTL_FAST_MATH = YES;
				SDKROOT = iphoneos;
				SWIFT_COMPILATION_MODE = wholemodule;
				SWIFT_OPTIMIZATION_LEVEL = "-O";
				VALIDATE_PRODUCT = YES;
			};
			name = Release;
		};
		E1C5881B2A011853003CA883 /* Debug */ = {
			isa = XCBuildConfiguration;
			buildSettings = {
				ASSETCATALOG_COMPILER_APPICON_NAME = AppIcon;
				ASSETCATALOG_COMPILER_GLOBAL_ACCENT_COLOR_NAME = AccentColor;
				CODE_SIGN_STYLE = Automatic;
				CURRENT_PROJECT_VERSION = 1;
				DEVELOPMENT_TEAM = KYB528F2CP;
				GENERATE_INFOPLIST_FILE = YES;
				INFOPLIST_FILE = SpringAnimation/App/Info.plist;
				INFOPLIST_KEY_UIApplicationSupportsIndirectInputEvents = YES;
				INFOPLIST_KEY_UILaunchStoryboardName = LaunchScreen;
				INFOPLIST_KEY_UIMainStoryboardFile = Main;
				INFOPLIST_KEY_UISupportedInterfaceOrientations = UIInterfaceOrientationPortrait;
				INFOPLIST_KEY_UISupportedInterfaceOrientations_iPad = "UIInterfaceOrientationLandscapeLeft UIInterfaceOrientationLandscapeRight UIInterfaceOrientationPortrait UIInterfaceOrientationPortraitUpsideDown";
				IPHONEOS_DEPLOYMENT_TARGET = 15.6;
				LD_RUNPATH_SEARCH_PATHS = (
					"$(inherited)",
					"@executable_path/Frameworks",
				);
				MARKETING_VERSION = 1.0;
				PRODUCT_BUNDLE_IDENTIFIER = keller.SpringAnimation;
				PRODUCT_NAME = "$(TARGET_NAME)";
				SUPPORTED_PLATFORMS = "iphoneos iphonesimulator";
				SUPPORTS_MACCATALYST = NO;
				SUPPORTS_MAC_DESIGNED_FOR_IPHONE_IPAD = NO;
				SWIFT_EMIT_LOC_STRINGS = YES;
				SWIFT_VERSION = 5.0;
				TARGETED_DEVICE_FAMILY = 1;
			};
			name = Debug;
		};
		E1C5881C2A011853003CA883 /* Release */ = {
			isa = XCBuildConfiguration;
			buildSettings = {
				ASSETCATALOG_COMPILER_APPICON_NAME = AppIcon;
				ASSETCATALOG_COMPILER_GLOBAL_ACCENT_COLOR_NAME = AccentColor;
				CODE_SIGN_STYLE = Automatic;
				CURRENT_PROJECT_VERSION = 1;
				DEVELOPMENT_TEAM = KYB528F2CP;
				GENERATE_INFOPLIST_FILE = YES;
				INFOPLIST_FILE = SpringAnimation/App/Info.plist;
				INFOPLIST_KEY_UIApplicationSupportsIndirectInputEvents = YES;
				INFOPLIST_KEY_UILaunchStoryboardName = LaunchScreen;
				INFOPLIST_KEY_UIMainStoryboardFile = Main;
				INFOPLIST_KEY_UISupportedInterfaceOrientations = UIInterfaceOrientationPortrait;
				INFOPLIST_KEY_UISupportedInterfaceOrientations_iPad = "UIInterfaceOrientationLandscapeLeft UIInterfaceOrientationLandscapeRight UIInterfaceOrientationPortrait UIInterfaceOrientationPortraitUpsideDown";
				IPHONEOS_DEPLOYMENT_TARGET = 15.6;
				LD_RUNPATH_SEARCH_PATHS = (
					"$(inherited)",
					"@executable_path/Frameworks",
				);
				MARKETING_VERSION = 1.0;
				PRODUCT_BUNDLE_IDENTIFIER = keller.SpringAnimation;
				PRODUCT_NAME = "$(TARGET_NAME)";
				SUPPORTED_PLATFORMS = "iphoneos iphonesimulator";
				SUPPORTS_MACCATALYST = NO;
				SUPPORTS_MAC_DESIGNED_FOR_IPHONE_IPAD = NO;
				SWIFT_EMIT_LOC_STRINGS = YES;
				SWIFT_VERSION = 5.0;
				TARGETED_DEVICE_FAMILY = 1;
			};
			name = Release;
		};
/* End XCBuildConfiguration section */

/* Begin XCConfigurationList section */
		E1C588012A011852003CA883 /* Build configuration list for PBXProject "UseSpringAnimation" */ = {
			isa = XCConfigurationList;
			buildConfigurations = (
				E1C588182A011853003CA883 /* Debug */,
				E1C588192A011853003CA883 /* Release */,
			);
			defaultConfigurationIsVisible = 0;
			defaultConfigurationName = Release;
		};
		E1C5881A2A011853003CA883 /* Build configuration list for PBXNativeTarget "UseSpringAnimation" */ = {
			isa = XCConfigurationList;
			buildConfigurations = (
				E1C5881B2A011853003CA883 /* Debug */,
				E1C5881C2A011853003CA883 /* Release */,
			);
			defaultConfigurationIsVisible = 0;
			defaultConfigurationName = Release;
		};
/* End XCConfigurationList section */

/* Begin XCRemoteSwiftPackageReference section */
		E1C5881F2A011A11003CA883 /* XCRemoteSwiftPackageReference "SpringAnimation" */ = {
			isa = XCRemoteSwiftPackageReference;
			repositoryURL = "https://github.com/LexDeBash/SpringAnimation.git";
			requirement = {
				kind = upToNextMajorVersion;
				minimumVersion = 0.3.0;
			};
		};
/* End XCRemoteSwiftPackageReference section */

/* Begin XCSwiftPackageProductDependency section */
		E1C588202A011A11003CA883 /* SpringAnimation */ = {
			isa = XCSwiftPackageProductDependency;
			package = E1C5881F2A011A11003CA883 /* XCRemoteSwiftPackageReference "SpringAnimation" */;
			productName = SpringAnimation;
		};
/* End XCSwiftPackageProductDependency section */
	};
	rootObject = E1C587FE2A011852003CA883 /* Project object */;
}
